
Microsoft Visual Studio Solution File, Format Version 12.00
# Visual Studio Version 16
VisualStudioVersion = 16.0.29926.136
MinimumVisualStudioVersion = 10.0.40219.1
Project("{FAE04EC0-301F-11D3-BF4B-00C04F79EFBC}") = "OneDimensionalOptimization", "OneDimensionalOptimization\OneDimensionalOptimization.csproj", "{BAD4670B-4E96-491D-8423-4A3262348471}"
EndProject
Global
	GlobalSection(SolutionConfigurationPlatforms) = preSolution
		Debug|Any CPU = Debug|Any CPU
		Release|Any CPU = Release|Any CPU
	EndGlobalSection
	GlobalSection(ProjectConfigurationPlatforms) = postSolution
		{BAD4670B-4E96-491D-8423-4A3262348471}.Debug|Any CPU.ActiveCfg = Debug|Any CPU
		{BAD4670B-4E96-491D-8423-4A3262348471}.Debug|Any CPU.Build.0 = Debug|Any CPU
		{BAD4670B-4E96-491D-8423-4A3262348471}.Release|Any CPU.ActiveCfg = Release|Any CPU
		{BAD4670B-4E96-491D-8423-4A3262348471}.Release|Any CPU.Build.0 = Release|Any CPU
	EndGlobalSection
	GlobalSection(SolutionProperties) = preSolution
		HideSolutionNode = FALSE
	EndGlobalSection
	GlobalSection(ExtensibilityGlobals) = postSolution
		SolutionGuid = {12B29F99-E8CC-459A-9B5E-E4ACE8B1DE92}
	EndGlobalSection
EndGlobal
