
Microsoft Visual Studio Solution File, Format Version 12.00
# Visual Studio Version 16
VisualStudioVersion = 16.0.29926.136
MinimumVisualStudioVersion = 10.0.40219.1
Project("{FAE04EC0-301F-11D3-BF4B-00C04F79EFBC}") = "PenaltyMethod", "PenaltyMethod\PenaltyMethod.csproj", "{CF6D32C9-CC26-4F2D-864A-6C1CBD57AA96}"
EndProject
Global
	GlobalSection(SolutionConfigurationPlatforms) = preSolution
		Debug|Any CPU = Debug|Any CPU
		Release|Any CPU = Release|Any CPU
	EndGlobalSection
	GlobalSection(ProjectConfigurationPlatforms) = postSolution
		{CF6D32C9-CC26-4F2D-864A-6C1CBD57AA96}.Debug|Any CPU.ActiveCfg = Debug|Any CPU
		{CF6D32C9-CC26-4F2D-864A-6C1CBD57AA96}.Debug|Any CPU.Build.0 = Debug|Any CPU
		{CF6D32C9-CC26-4F2D-864A-6C1CBD57AA96}.Release|Any CPU.ActiveCfg = Release|Any CPU
		{CF6D32C9-CC26-4F2D-864A-6C1CBD57AA96}.Release|Any CPU.Build.0 = Release|Any CPU
	EndGlobalSection
	GlobalSection(SolutionProperties) = preSolution
		HideSolutionNode = FALSE
	EndGlobalSection
	GlobalSection(ExtensibilityGlobals) = postSolution
		SolutionGuid = {F7C987D4-E383-42F5-A0D5-0DA00C1C75A9}
	EndGlobalSection
EndGlobal
